{
  "nodes": {
    "flake-utils": {
      "inputs": {
        "systems": "systems"
      },
      "locked": {
        "lastModified": 1731533236,
        "narHash": "sha256-l0KFg5HjrsfsO/JpG+r7fRrqm12kzFHyUHqHCVpMMbI=",
        "owner": "numtide",
        "repo": "flake-utils",
        "rev": "11707dc2f618dd54ca8739b309ec4fc024de578b",
        "type": "github"
      },
      "original": {
        "owner": "numtide",
        "repo": "flake-utils",
        "type": "github"
      }
    },
    "flake-utils_2": {
      "inputs": {
        "systems": "systems_2"
      },
      "locked": {
        "lastModified": 1731533236,
        "narHash": "sha256-l0KFg5HjrsfsO/JpG+r7fRrqm12kzFHyUHqHCVpMMbI=",
        "owner": "numtide",
        "repo": "flake-utils",
        "rev": "11707dc2f618dd54ca8739b309ec4fc024de578b",
        "type": "github"
      },
      "original": {
        "owner": "numtide",
        "repo": "flake-utils",
        "type": "github"
      }
    },
    "meso-robots-theme": {
      "flake": false,
      "locked": {
        "lastModified": 1779538510,
        "narHash": "sha256-hV0GEc5WZyUt8Ckuh+aEN2FNM/lbcQg3U9ig8xrlfzM=",
        "ref": "main",
        "rev": "02240953873cc81edaf9a25cf06d5825e31e2f6a",
        "revCount": 6,
        "type": "git",
        "url": "ssh://git@gitea.internal.example:2222/eduardo/meso-robots.git"
      },
      "original": {
        "ref": "main",
        "type": "git",
        "url": "ssh://git@gitea.internal.example:2222/eduardo/meso-robots.git"
      }
    },
    "nix-services": {
      "inputs": {
        "flake-utils": "flake-utils_2",
        "nixpkgs": "nixpkgs"
      },
      "locked": {
        "lastModified": 1780063873,
        "narHash": "sha256-LRzV6TCpl4ALFTsCvJCX7gWBpDidEk2zBYuKJajSksA=",
        "ref": "refs/heads/main",
        "rev": "de0c1eb294725b57e39a8352c3e7c8c4800ac86e",
        "revCount": 124,
        "type": "git",
        "url": "ssh://git@gitea.internal.example:2222/eduardo/nix-services.git"
      },
      "original": {
        "ref": "main",
        "type": "git",
        "url": "ssh://git@gitea.internal.example:2222/eduardo/nix-services.git"
      }
    },
    "nixos-hardware": {
      "locked": {
        "lastModified": 1778143761,
        "narHash": "sha256-lkesY6x2X2qxlqLM7CT2iM/0rP2JB7fruPN3h8POXmI=",
        "owner": "NixOS",
        "repo": "nixos-hardware",
        "rev": "3bcaa367d4c550d687a17ac792fd5cda214ee871",
        "type": "github"
      },
      "original": {
        "owner": "NixOS",
        "repo": "nixos-hardware",
        "type": "github"
      }
    },
    "nixpkgs": {
      "locked": {
        "lastModified": 1769018530,
        "narHash": "sha256-MJ27Cy2NtBEV5tsK+YraYr2g851f3Fl1LpNHDzDX15c=",
        "owner": "NixOS",
        "repo": "nixpkgs",
        "rev": "88d3861acdd3d2f0e361767018218e51810df8a1",
        "type": "github"
      },
      "original": {
        "owner": "NixOS",
        "ref": "nixos-unstable",
        "repo": "nixpkgs",
        "type": "github"
      }
    },
    "nixpkgs_2": {
      "locked": {
        "lastModified": 1777954456,
        "narHash": "sha256-hGdgeU2Nk87RAuZyYjyDjFL6LK7dAZN5RE9+hrDTkDU=",
        "owner": "NixOS",
        "repo": "nixpkgs",
        "rev": "549bd84d6279f9852cae6225e372cc67fb91a4c1",
        "type": "github"
      },
      "original": {
        "owner": "NixOS",
        "ref": "nixos-unstable",
        "repo": "nixpkgs",
        "type": "github"
      }
    },
    "nixpkgs_3": {
      "locked": {
        "lastModified": 1775888245,
        "narHash": "sha256-nwASzrRDD1JBEu/o8ekKYEXm/oJW6EMCzCRdrwcLe90=",
        "owner": "NixOS",
        "repo": "nixpkgs",
        "rev": "13043924aaa7375ce482ebe2494338e058282925",
        "type": "github"
      },
      "original": {
        "owner": "NixOS",
        "ref": "nixpkgs-unstable",
        "repo": "nixpkgs",
        "type": "github"
      }
    },
    "private": {
      "locked": {
        "lastModified": 1780068826,
        "narHash": "sha256-zD+DxCHVzcudwyJkexpcBRkO0DiBkJf4Ixq3cCQTZZs=",
        "ref": "main",
        "rev": "73cfbb601101154cc094ff348d4bac720f0e63a8",
        "revCount": 198,
        "type": "git",
        "url": "ssh://git@gitea.internal.example:2222/eduardo/nix-pi-private.git"
      },
      "original": {
        "ref": "main",
        "type": "git",
        "url": "ssh://git@gitea.internal.example:2222/eduardo/nix-pi-private.git"
      }
    },
    "root": {
      "inputs": {
        "flake-utils": "flake-utils",
        "meso-robots-theme": "meso-robots-theme",
        "nix-services": "nix-services",
        "nixos-hardware": "nixos-hardware",
        "nixpkgs": "nixpkgs_2",
        "private": "private",
        "sops-nix": "sops-nix"
      }
    },
    "sops-nix": {
      "inputs": {
        "nixpkgs": "nixpkgs_3"
      },
      "locked": {
        "lastModified": 1777944972,
        "narHash": "sha256-VfGRo1qTBKOe3s2gOv8LSoA6Fk19PvBlwQ1ECN0Evn8=",
        "owner": "Mic92",
        "repo": "sops-nix",
        "rev": "c591bf665727040c6cc5cb409079acb22dcce33c",
        "type": "github"
      },
      "original": {
        "owner": "Mic92",
        "repo": "sops-nix",
        "type": "github"
      }
    },
    "systems": {
      "locked": {
        "lastModified": 1681028828,
        "narHash": "sha256-Vy1rq5AaRuLzOxct8nz4T6wlgyUR7zLU309k9mBC768=",
        "owner": "nix-systems",
        "repo": "default",
        "rev": "da67096a3b9bf56a91d16901293e51ba5b49a27e",
        "type": "github"
      },
      "original": {
        "owner": "nix-systems",
        "repo": "default",
        "type": "github"
      }
    },
    "systems_2": {
      "locked": {
        "lastModified": 1681028828,
        "narHash": "sha256-Vy1rq5AaRuLzOxct8nz4T6wlgyUR7zLU309k9mBC768=",
        "owner": "nix-systems",
        "repo": "default",
        "rev": "da67096a3b9bf56a91d16901293e51ba5b49a27e",
        "type": "github"
      },
      "original": {
        "owner": "nix-systems",
        "repo": "default",
        "type": "github"
      }
    }
  },
  "root": "root",
  "version": 7
}
